version: 1.0
shards:
  ameba:
    github: crystal-ameba/ameba
    version: 0.11.0

  base62:
    github: Sija/base62.cr
    version: 0.1.2

  bisect:
    github: spider-gazelle/bisect
    version: 1.2.0

  connect-proxy:
    github: spider-gazelle/connect-proxy
    version: 1.0.0

  cron_parser:
    github: kostya/cron_parser
    version: 0.3.0

  debug:
    github: Sija/debug.cr
    version: 1.1.0

  engine-driver:
    github: aca-labs/crystal-engine-driver
    commit: 258c605fd0b4e2a0df4687b3e39cc3fe539eb925

  habitat:
    github: luckyframework/habitat
    version: 0.4.3

  ipaddress:
    github: Sija/ipaddress.cr
    version: 0.2.1

  pool:
    github: ysbaddaden/pool
    version: 0.2.3

  priority-queue:
    github: spider-gazelle/priority-queue
    commit: bde47d11cb4b4d1ed7680a7f417ff707c434b1e4

  promise:
    github: spider-gazelle/promise
    version: 2.1.0

  protobuf:
    github: jeromegn/protobuf.cr
    version: 2.1.2

  redis:
    github: stefanwille/crystal-redis
    version: 2.5.3

  retriable:
    github: Sija/retriable.cr
    version: 0.2.0

  ssh2:
    github: spider-gazelle/ssh2.cr
    version: 1.2.3

  tasker:
    github: spider-gazelle/tasker
    version: 1.2.2

  tokenizer:
    github: spider-gazelle/tokenizer
    version: 1.1.0

